// !$*UTF8*$!
{
	archiveVersion = 1;
	classes = {
	};
	objectVersion = 56;
	objects = {

/* Begin PBXBuildFile section */
		001 /* DecapPubApp.swift in Sources */ = {isa = PBXBuildFile; fileRef = 101 /* DecapPubApp.swift */; };
		002 /* ContentView.swift in Sources */ = {isa = PBXBuildFile; fileRef = 102 /* ContentView.swift */; };
		003 /* GalleryView.swift in Sources */ = {isa = PBXBuildFile; fileRef = 103 /* GalleryView.swift */; };
		004 /* PhotoThumbnailView.swift in Sources */ = {isa = PBXBuildFile; fileRef = 104 /* PhotoThumbnailView.swift */; };
		005 /* PhotoDetailView.swift in Sources */ = {isa = PBXBuildFile; fileRef = 105 /* PhotoDetailView.swift */; };
		006 /* SettingsView.swift in Sources */ = {isa = PBXBuildFile; fileRef = 106 /* SettingsView.swift */; };
		007 /* SourcePickerView.swift in Sources */ = {isa = PBXBuildFile; fileRef = 107 /* SourcePickerView.swift */; };
		008 /* PhotoItem.swift in Sources */ = {isa = PBXBuildFile; fileRef = 108 /* PhotoItem.swift */; };
		009 /* PhotoGalleryViewModel.swift in Sources */ = {isa = PBXBuildFile; fileRef = 109 /* PhotoGalleryViewModel.swift */; };
		010 /* Assets.xcassets in Resources */ = {isa = PBXBuildFile; fileRef = 110 /* Assets.xcassets */; };
		C6A393AD2F1C994500AA300B /* FIXES_APPLIED.md in Resources */ = {isa = PBXBuildFile; fileRef = C6A393AC2F1C994500AA300B /* FIXES_APPLIED.md */; };
		C6A393AF2F1D55E200AA300B /* PAGINATION_IMPLEMENTATION.md in Resources */ = {isa = PBXBuildFile; fileRef = C6A393AE2F1D55E200AA300B /* PAGINATION_IMPLEMENTATION.md */; };
		C6A393B12F1D567C00AA300B /* MEMORY_SAFETY_AUDIT.md in Resources */ = {isa = PBXBuildFile; fileRef = C6A393B02F1D567C00AA300B /* MEMORY_SAFETY_AUDIT.md */; };
		C6A393B32F1D56BE00AA300B /* MEMORY_SAFETY_FIXES_APPLIED.md in Resources */ = {isa = PBXBuildFile; fileRef = C6A393B22F1D56BE00AA300B /* MEMORY_SAFETY_FIXES_APPLIED.md */; };
		C6A393B52F1D56FA00AA300B /* OPTIONAL_MEMORY_ENHANCEMENTS.md in Resources */ = {isa = PBXBuildFile; fileRef = C6A393B42F1D56FA00AA300B /* OPTIONAL_MEMORY_ENHANCEMENTS.md */; };
		C6A393B72F1D572A00AA300B /* MEMORY_SAFETY_SUMMARY.md in Resources */ = {isa = PBXBuildFile; fileRef = C6A393B62F1D572A00AA300B /* MEMORY_SAFETY_SUMMARY.md */; };
		C6A393B92F1D582700AA300B /* RECENT_UPDATES.md in Resources */ = {isa = PBXBuildFile; fileRef = C6A393B82F1D582700AA300B /* RECENT_UPDATES.md */; };
		C6A393BB2F1D58F700AA300B /* HOW_TO_INSTALL.md in Resources */ = {isa = PBXBuildFile; fileRef = C6A393BA2F1D58F700AA300B /* HOW_TO_INSTALL.md */; };
		C6A393BD2F1D590400AA300B /* QUICK_INSTALL.md in Resources */ = {isa = PBXBuildFile; fileRef = C6A393BC2F1D590400AA300B /* QUICK_INSTALL.md */; };
		C6B7F5672F1C8C6B00B34BD0 /* DecapPubApp_SIMPLIFIED.swift in Sources */ = {isa = PBXBuildFile; fileRef = C6B7F5662F1C8C6B00B34BD0 /* DecapPubApp_SIMPLIFIED.swift */; };
		C6B7F56C2F1C905B00B34BD0 /* KeychainManager.swift in Sources */ = {isa = PBXBuildFile; fileRef = C698E3392F1C868100B7CC14 /* KeychainManager.swift */; };
		C6B7F56D2F1C906100B34BD0 /* ImageCache.swift in Sources */ = {isa = PBXBuildFile; fileRef = C698E33A2F1C869600B7CC14 /* ImageCache.swift */; };
		C6B7F56E2F1C906600B34BD0 /* NetworkManager.swift in Sources */ = {isa = PBXBuildFile; fileRef = C698E33B2F1C86AD00B7CC14 /* NetworkManager.swift */; };
		C6B7F56F2F1C906A00B34BD0 /* MigrationManager.swift in Sources */ = {isa = PBXBuildFile; fileRef = C698E33C2F1C86B900B7CC14 /* MigrationManager.swift */; };
		C6B7F5702F1C906F00B34BD0 /* Logger+Extensions.swift in Sources */ = {isa = PBXBuildFile; fileRef = C698E33D2F1C86C700B7CC14 /* Logger+Extensions.swift */; };
		C6B7F5712F1C907400B34BD0 /* MemoryMonitor.swift in Sources */ = {isa = PBXBuildFile; fileRef = C698E33E2F1C86D400B7CC14 /* MemoryMonitor.swift */; };
		C6C18AE82F1C54D300BE0D39 /* NoteComposerView.swift in Sources */ = {isa = PBXBuildFile; fileRef = C6C18AE72F1C54D300BE0D39 /* NoteComposerView.swift */; };
		C6DEA7402F1C478F00A20DFF /* PublishView.swift in Sources */ = {isa = PBXBuildFile; fileRef = C6DEA73F2F1C478F00A20DFF /* PublishView.swift */; };
		C6DEA7422F1C47B800A20DFF /* PublishManager.swift in Sources */ = {isa = PBXBuildFile; fileRef = C6DEA7412F1C47B800A20DFF /* PublishManager.swift */; };
/* End PBXBuildFile section */

/* Begin PBXFileReference section */
		100 /* DecapPub.app */ = {isa = PBXFileReference; explicitFileType = wrapper.application; includeInIndex = 0; path = DecapPub.app; sourceTree = BUILT_PRODUCTS_DIR; };
		101 /* DecapPubApp.swift */ = {isa = PBXFileReference; lastKnownFileType = sourcecode.swift; path = DecapPubApp.swift; sourceTree = "<group>"; };
		102 /* ContentView.swift */ = {isa = PBXFileReference; lastKnownFileType = sourcecode.swift; path = ContentView.swift; sourceTree = "<group>"; };
		103 /* GalleryView.swift */ = {isa = PBXFileReference; lastKnownFileType = sourcecode.swift; path = GalleryView.swift; sourceTree = "<group>"; };
		104 /* PhotoThumbnailView.swift */ = {isa = PBXFileReference; lastKnownFileType = sourcecode.swift; path = PhotoThumbnailView.swift; sourceTree = "<group>"; };
		105 /* PhotoDetailView.swift */ = {isa = PBXFileReference; lastKnownFileType = sourcecode.swift; path = PhotoDetailView.swift; sourceTree = "<group>"; };
		106 /* SettingsView.swift */ = {isa = PBXFileReference; lastKnownFileType = sourcecode.swift; path = SettingsView.swift; sourceTree = "<group>"; };
		107 /* SourcePickerView.swift */ = {isa = PBXFileReference; lastKnownFileType = sourcecode.swift; path = SourcePickerView.swift; sourceTree = "<group>"; };
		108 /* PhotoItem.swift */ = {isa = PBXFileReference; lastKnownFileType = sourcecode.swift; path = PhotoItem.swift; sourceTree = "<group>"; };
		109 /* PhotoGalleryViewModel.swift */ = {isa = PBXFileReference; lastKnownFileType = sourcecode.swift; path = PhotoGalleryViewModel.swift; sourceTree = "<group>"; };
		110 /* Assets.xcassets */ = {isa = PBXFileReference; lastKnownFileType = folder.assetcatalog; path = Assets.xcassets; sourceTree = "<group>"; };
		111 /* Info.plist */ = {isa = PBXFileReference; lastKnownFileType = text.plist.xml; path = Info.plist; sourceTree = "<group>"; };
		C698E3382F1C867500B7CC14 /* FIX_LOG.md */ = {isa = PBXFileReference; lastKnownFileType = net.daringfireball.markdown; path = FIX_LOG.md; sourceTree = "<group>"; };
		C698E3392F1C868100B7CC14 /* KeychainManager.swift */ = {isa = PBXFileReference; lastKnownFileType = sourcecode.swift; path = KeychainManager.swift; sourceTree = "<group>"; };
		C698E33A2F1C869600B7CC14 /* ImageCache.swift */ = {isa = PBXFileReference; lastKnownFileType = sourcecode.swift; path = ImageCache.swift; sourceTree = "<group>"; };
		C698E33B2F1C86AD00B7CC14 /* NetworkManager.swift */ = {isa = PBXFileReference; lastKnownFileType = sourcecode.swift; path = NetworkManager.swift; sourceTree = "<group>"; };
		C698E33C2F1C86B900B7CC14 /* MigrationManager.swift */ = {isa = PBXFileReference; lastKnownFileType = sourcecode.swift; path = MigrationManager.swift; sourceTree = "<group>"; };
		C698E33D2F1C86C700B7CC14 /* Logger+Extensions.swift */ = {isa = PBXFileReference; lastKnownFileType = sourcecode.swift; path = "Logger+Extensions.swift"; sourceTree = "<group>"; };
		C698E33E2F1C86D400B7CC14 /* MemoryMonitor.swift */ = {isa = PBXFileReference; lastKnownFileType = sourcecode.swift; path = MemoryMonitor.swift; sourceTree = "<group>"; };
		C6A393AC2F1C994500AA300B /* FIXES_APPLIED.md */ = {isa = PBXFileReference; lastKnownFileType = net.daringfireball.markdown; path = FIXES_APPLIED.md; sourceTree = "<group>"; };
		C6A393AE2F1D55E200AA300B /* PAGINATION_IMPLEMENTATION.md */ = {isa = PBXFileReference; lastKnownFileType = net.daringfireball.markdown; path = PAGINATION_IMPLEMENTATION.md; sourceTree = "<group>"; };
		C6A393B02F1D567C00AA300B /* MEMORY_SAFETY_AUDIT.md */ = {isa = PBXFileReference; lastKnownFileType = net.daringfireball.markdown; path = MEMORY_SAFETY_AUDIT.md; sourceTree = "<group>"; };
		C6A393B22F1D56BE00AA300B /* MEMORY_SAFETY_FIXES_APPLIED.md */ = {isa = PBXFileReference; lastKnownFileType = net.daringfireball.markdown; path = MEMORY_SAFETY_FIXES_APPLIED.md; sourceTree = "<group>"; };
		C6A393B42F1D56FA00AA300B /* OPTIONAL_MEMORY_ENHANCEMENTS.md */ = {isa = PBXFileReference; lastKnownFileType = net.daringfireball.markdown; path = OPTIONAL_MEMORY_ENHANCEMENTS.md; sourceTree = "<group>"; };
		C6A393B62F1D572A00AA300B /* MEMORY_SAFETY_SUMMARY.md */ = {isa = PBXFileReference; lastKnownFileType = net.daringfireball.markdown; path = MEMORY_SAFETY_SUMMARY.md; sourceTree = "<group>"; };
		C6A393B82F1D582700AA300B /* RECENT_UPDATES.md */ = {isa = PBXFileReference; lastKnownFileType = net.daringfireball.markdown; path = RECENT_UPDATES.md; sourceTree = "<group>"; };
		C6A393BA2F1D58F700AA300B /* HOW_TO_INSTALL.md */ = {isa = PBXFileReference; lastKnownFileType = net.daringfireball.markdown; path = HOW_TO_INSTALL.md; sourceTree = "<group>"; };
		C6A393BC2F1D590400AA300B /* QUICK_INSTALL.md */ = {isa = PBXFileReference; lastKnownFileType = net.daringfireball.markdown; path = QUICK_INSTALL.md; sourceTree = "<group>"; };
		C6B7F5622F1C8B5C00B34BD0 /* SECURITY_AUDIT_RESULTS.md */ = {isa = PBXFileReference; lastKnownFileType = net.daringfireball.markdown; path = SECURITY_AUDIT_RESULTS.md; sourceTree = "<group>"; };
		C6B7F5632F1C8B7B00B34BD0 /* QUICK_REFERENCE.md */ = {isa = PBXFileReference; lastKnownFileType = net.daringfireball.markdown; path = QUICK_REFERENCE.md; sourceTree = "<group>"; };
		C6B7F5642F1C8BAE00B34BD0 /* VERIFICATION_CHECKLIST.md */ = {isa = PBXFileReference; lastKnownFileType = net.daringfireball.markdown; path = VERIFICATION_CHECKLIST.md; sourceTree = "<group>"; };
		C6B7F5652F1C8BE300B34BD0 /* IMPLEMENTATION_SUMMARY.md */ = {isa = PBXFileReference; lastKnownFileType = net.daringfireball.markdown; path = IMPLEMENTATION_SUMMARY.md; sourceTree = "<group>"; };
		C6B7F5662F1C8C6B00B34BD0 /* DecapPubApp_SIMPLIFIED.swift */ = {isa = PBXFileReference; lastKnownFileType = sourcecode.swift; path = DecapPubApp_SIMPLIFIED.swift; sourceTree = "<group>"; };
		C6C18AE72F1C54D300BE0D39 /* NoteComposerView.swift */ = {isa = PBXFileReference; lastKnownFileType = sourcecode.swift; path = NoteComposerView.swift; sourceTree = "<group>"; };
		C6DEA73F2F1C478F00A20DFF /* PublishView.swift */ = {isa = PBXFileReference; lastKnownFileType = sourcecode.swift; path = PublishView.swift; sourceTree = "<group>"; };
		C6DEA7412F1C47B800A20DFF /* PublishManager.swift */ = {isa = PBXFileReference; lastKnownFileType = sourcecode.swift; path = PublishManager.swift; sourceTree = "<group>"; };
/* End PBXFileReference section */

/* Begin PBXFrameworksBuildPhase section */
		200 /* Frameworks */ = {
			isa = PBXFrameworksBuildPhase;
			buildActionMask = 2147483647;
			files = (
			);
			runOnlyForDeploymentPostprocessing = 0;
		};
/* End PBXFrameworksBuildPhase section */

/* Begin PBXGroup section */
		300 = {
			isa = PBXGroup;
			children = (
				301 /* DecapPub */,
				302 /* Products */,
				C698E3382F1C867500B7CC14 /* FIX_LOG.md */,
				C698E3392F1C868100B7CC14 /* KeychainManager.swift */,
				C698E33A2F1C869600B7CC14 /* ImageCache.swift */,
				C698E33B2F1C86AD00B7CC14 /* NetworkManager.swift */,
				C698E33C2F1C86B900B7CC14 /* MigrationManager.swift */,
				C698E33D2F1C86C700B7CC14 /* Logger+Extensions.swift */,
				C698E33E2F1C86D400B7CC14 /* MemoryMonitor.swift */,
				C6B7F5622F1C8B5C00B34BD0 /* SECURITY_AUDIT_RESULTS.md */,
				C6B7F5632F1C8B7B00B34BD0 /* QUICK_REFERENCE.md */,
				C6B7F5642F1C8BAE00B34BD0 /* VERIFICATION_CHECKLIST.md */,
				C6B7F5652F1C8BE300B34BD0 /* IMPLEMENTATION_SUMMARY.md */,
				C6A393AC2F1C994500AA300B /* FIXES_APPLIED.md */,
			);
			sourceTree = "<group>";
		};
		301 /* DecapPub */ = {
			isa = PBXGroup;
			children = (
				101 /* DecapPubApp.swift */,
				102 /* ContentView.swift */,
				303 /* Views */,
				304 /* Models */,
				305 /* ViewModels */,
				110 /* Assets.xcassets */,
				111 /* Info.plist */,
				C6B7F5662F1C8C6B00B34BD0 /* DecapPubApp_SIMPLIFIED.swift */,
				C6A393AE2F1D55E200AA300B /* PAGINATION_IMPLEMENTATION.md */,
				C6A393B02F1D567C00AA300B /* MEMORY_SAFETY_AUDIT.md */,
				C6A393B22F1D56BE00AA300B /* MEMORY_SAFETY_FIXES_APPLIED.md */,
				C6A393B42F1D56FA00AA300B /* OPTIONAL_MEMORY_ENHANCEMENTS.md */,
				C6A393B62F1D572A00AA300B /* MEMORY_SAFETY_SUMMARY.md */,
				C6A393B82F1D582700AA300B /* RECENT_UPDATES.md */,
				C6A393BA2F1D58F700AA300B /* HOW_TO_INSTALL.md */,
				C6A393BC2F1D590400AA300B /* QUICK_INSTALL.md */,
			);
			path = DecapPub;
			sourceTree = "<group>";
		};
		302 /* Products */ = {
			isa = PBXGroup;
			children = (
				100 /* DecapPub.app */,
			);
			name = Products;
			sourceTree = "<group>";
		};
		303 /* Views */ = {
			isa = PBXGroup;
			children = (
				103 /* GalleryView.swift */,
				104 /* PhotoThumbnailView.swift */,
				105 /* PhotoDetailView.swift */,
				106 /* SettingsView.swift */,
				107 /* SourcePickerView.swift */,
				C6DEA73F2F1C478F00A20DFF /* PublishView.swift */,
				C6DEA7412F1C47B800A20DFF /* PublishManager.swift */,
				C6C18AE72F1C54D300BE0D39 /* NoteComposerView.swift */,
			);
			path = Views;
			sourceTree = "<group>";
		};
		304 /* Models */ = {
			isa = PBXGroup;
			children = (
				108 /* PhotoItem.swift */,
			);
			path = Models;
			sourceTree = "<group>";
		};
		305 /* ViewModels */ = {
			isa = PBXGroup;
			children = (
				109 /* PhotoGalleryViewModel.swift */,
			);
			path = ViewModels;
			sourceTree = "<group>";
		};
/* End PBXGroup section */

/* Begin PBXNativeTarget section */
		400 /* DecapPub */ = {
			isa = PBXNativeTarget;
			buildConfigurationList = 500 /* Build configuration list for PBXNativeTarget "DecapPub" */;
			buildPhases = (
				401 /* Sources */,
				200 /* Frameworks */,
				402 /* Resources */,
			);
			buildRules = (
			);
			dependencies = (
			);
			name = DecapPub;
			productName = DecapPub;
			productReference = 100 /* DecapPub.app */;
			productType = "com.apple.product-type.application";
		};
/* End PBXNativeTarget section */

/* Begin PBXProject section */
		600 /* Project object */ = {
			isa = PBXProject;
			attributes = {
				BuildIndependentTargetsInParallel = 1;
				LastSwiftUpdateCheck = 1500;
				LastUpgradeCheck = 1500;
				TargetAttributes = {
					400 = {
						CreatedOnToolsVersion = 15.0;
					};
				};
			};
			buildConfigurationList = 601 /* Build configuration list for PBXProject "DecapPub" */;
			compatibilityVersion = "Xcode 14.0";
			developmentRegion = en;
			hasScannedForEncodings = 0;
			knownRegions = (
				en,
				Base,
			);
			mainGroup = 300;
			productRefGroup = 302 /* Products */;
			projectDirPath = "";
			projectRoot = "";
			targets = (
				400 /* DecapPub */,
			);
		};
/* End PBXProject section */

/* Begin PBXResourcesBuildPhase section */
		402 /* Resources */ = {
			isa = PBXResourcesBuildPhase;
			buildActionMask = 2147483647;
			files = (
				C6A393BD2F1D590400AA300B /* QUICK_INSTALL.md in Resources */,
				C6A393B52F1D56FA00AA300B /* OPTIONAL_MEMORY_ENHANCEMENTS.md in Resources */,
				C6A393BB2F1D58F700AA300B /* HOW_TO_INSTALL.md in Resources */,
				C6A393AD2F1C994500AA300B /* FIXES_APPLIED.md in Resources */,
				C6A393AF2F1D55E200AA300B /* PAGINATION_IMPLEMENTATION.md in Resources */,
				C6A393B32F1D56BE00AA300B /* MEMORY_SAFETY_FIXES_APPLIED.md in Resources */,
				010 /* Assets.xcassets in Resources */,
				C6A393B72F1D572A00AA300B /* MEMORY_SAFETY_SUMMARY.md in Resources */,
				C6A393B92F1D582700AA300B /* RECENT_UPDATES.md in Resources */,
				C6A393B12F1D567C00AA300B /* MEMORY_SAFETY_AUDIT.md in Resources */,
			);
			runOnlyForDeploymentPostprocessing = 0;
		};
/* End PBXResourcesBuildPhase section */

/* Begin PBXSourcesBuildPhase section */
		401 /* Sources */ = {
			isa = PBXSourcesBuildPhase;
			buildActionMask = 2147483647;
			files = (
				C6B7F56D2F1C906100B34BD0 /* ImageCache.swift in Sources */,
				001 /* DecapPubApp.swift in Sources */,
				C6B7F5672F1C8C6B00B34BD0 /* DecapPubApp_SIMPLIFIED.swift in Sources */,
				C6B7F5702F1C906F00B34BD0 /* Logger+Extensions.swift in Sources */,
				002 /* ContentView.swift in Sources */,
				C6B7F56E2F1C906600B34BD0 /* NetworkManager.swift in Sources */,
				C6B7F5712F1C907400B34BD0 /* MemoryMonitor.swift in Sources */,
				003 /* GalleryView.swift in Sources */,
				004 /* PhotoThumbnailView.swift in Sources */,
				005 /* PhotoDetailView.swift in Sources */,
				C6DEA7422F1C47B800A20DFF /* PublishManager.swift in Sources */,
				006 /* SettingsView.swift in Sources */,
				C6DEA7402F1C478F00A20DFF /* PublishView.swift in Sources */,
				C6B7F56C2F1C905B00B34BD0 /* KeychainManager.swift in Sources */,
				C6B7F56F2F1C906A00B34BD0 /* MigrationManager.swift in Sources */,
				007 /* SourcePickerView.swift in Sources */,
				008 /* PhotoItem.swift in Sources */,
				C6C18AE82F1C54D300BE0D39 /* NoteComposerView.swift in Sources */,
				009 /* PhotoGalleryViewModel.swift in Sources */,
			);
			runOnlyForDeploymentPostprocessing = 0;
		};
/* End PBXSourcesBuildPhase section */

/* Begin XCBuildConfiguration section */
		700 /* Debug */ = {
			isa = XCBuildConfiguration;
			buildSettings = {
				ALWAYS_SEARCH_USER_PATHS = NO;
				ASSETCATALOG_COMPILER_GENERATE_SWIFT_ASSET_SYMBOL_EXTENSIONS = YES;
				CLANG_ANALYZER_NONNULL = YES;
				CLANG_ANALYZER_NUMBER_OBJECT_CONVERSION = YES_AGGRESSIVE;
				CLANG_CXX_LANGUAGE_STANDARD = "gnu++20";
				CLANG_ENABLE_MODULES = YES;
				CLANG_ENABLE_OBJC_ARC = YES;
				CLANG_ENABLE_OBJC_WEAK = YES;
				CLANG_WARN_BLOCK_CAPTURE_AUTORELEASING = YES;
				CLANG_WARN_BOOL_CONVERSION = YES;
				CLANG_WARN_COMMA = YES;
				CLANG_WARN_CONSTANT_CONVERSION = YES;
				CLANG_WARN_DEPRECATED_OBJC_IMPLEMENTATIONS = YES;
				CLANG_WARN_DIRECT_OBJC_ISA_USAGE = YES_ERROR;
				CLANG_WARN_DOCUMENTATION_COMMENTS = YES;
				CLANG_WARN_EMPTY_BODY = YES;
				CLANG_WARN_ENUM_CONVERSION = YES;
				CLANG_WARN_INFINITE_RECURSION = YES;
				CLANG_WARN_INT_CONVERSION = YES;
				CLANG_WARN_NON_LITERAL_NULL_CONVERSION = YES;
				CLANG_WARN_OBJC_IMPLICIT_RETAIN_SELF = YES;
				CLANG_WARN_OBJC_LITERAL_CONVERSION = YES;
				CLANG_WARN_OBJC_ROOT_CLASS = YES_ERROR;
				CLANG_WARN_QUOTED_INCLUDE_IN_FRAMEWORK_HEADER = YES;
				CLANG_WARN_RANGE_LOOP_ANALYSIS = YES;
				CLANG_WARN_STRICT_PROTOTYPES = YES;
				CLANG_WARN_SUSPICIOUS_MOVE = YES;
				CLANG_WARN_UNGUARDED_AVAILABILITY = YES_AGGRESSIVE;
				CLANG_WARN_UNREACHABLE_CODE = YES;
				CLANG_WARN__DUPLICATE_METHOD_MATCH = YES;
				COPY_PHASE_STRIP = NO;
				DEBUG_INFORMATION_FORMAT = dwarf;
				ENABLE_STRICT_OBJC_MSGSEND = YES;
				ENABLE_TESTABILITY = YES;
				ENABLE_USER_SCRIPT_SANDBOXING = YES;
				GCC_C_LANGUAGE_STANDARD = gnu17;
				GCC_DYNAMIC_NO_PIC = NO;
				GCC_NO_COMMON_BLOCKS = YES;
				GCC_OPTIMIZATION_LEVEL = 0;
				GCC_PREPROCESSOR_DEFINITIONS = (
					"DEBUG=1",
					"$(inherited)",
				);
				GCC_WARN_64_TO_32_BIT_CONVERSION = YES;
				GCC_WARN_ABOUT_RETURN_TYPE = YES_ERROR;
				GCC_WARN_UNDECLARED_SELECTOR = YES;
				GCC_WARN_UNINITIALIZED_AUTOS = YES_AGGRESSIVE;
				GCC_WARN_UNUSED_FUNCTION = YES;
				GCC_WARN_UNUSED_VARIABLE = YES;
				IPHONEOS_DEPLOYMENT_TARGET = 17.0;
				LOCALIZATION_PREFERS_STRING_CATALOGS = YES;
				MTL_ENABLE_DEBUG_INFO = INCLUDE_SOURCE;
				MTL_FAST_MATH = YES;
				ONLY_ACTIVE_ARCH = YES;
				SDKROOT = iphoneos;
				SWIFT_ACTIVE_COMPILATION_CONDITIONS = "DEBUG $(inherited)";
				SWIFT_OPTIMIZATION_LEVEL = "-Onone";
			};
			name = Debug;
		};
		701 /* Release */ = {
			isa = XCBuildConfiguration;
			buildSettings = {
				ALWAYS_SEARCH_USER_PATHS = NO;
				ASSETCATALOG_COMPILER_GENERATE_SWIFT_ASSET_SYMBOL_EXTENSIONS = YES;
				CLANG_ANALYZER_NONNULL = YES;
				CLANG_ANALYZER_NUMBER_OBJECT_CONVERSION = YES_AGGRESSIVE;
				CLANG_CXX_LANGUAGE_STANDARD = "gnu++20";
				CLANG_ENABLE_MODULES = YES;
				CLANG_ENABLE_OBJC_ARC = YES;
				CLANG_ENABLE_OBJC_WEAK = YES;
				CLANG_WARN_BLOCK_CAPTURE_AUTORELEASING = YES;
				CLANG_WARN_BOOL_CONVERSION = YES;
				CLANG_WARN_COMMA = YES;
				CLANG_WARN_CONSTANT_CONVERSION = YES;
				CLANG_WARN_DEPRECATED_OBJC_IMPLEMENTATIONS = YES;
				CLANG_WARN_DIRECT_OBJC_ISA_USAGE = YES_ERROR;
				CLANG_WARN_DOCUMENTATION_COMMENTS = YES;
				CLANG_WARN_EMPTY_BODY = YES;
				CLANG_WARN_ENUM_CONVERSION = YES;
				CLANG_WARN_INFINITE_RECURSION = YES;
				CLANG_WARN_INT_CONVERSION = YES;
				CLANG_WARN_NON_LITERAL_NULL_CONVERSION = YES;
				CLANG_WARN_OBJC_IMPLICIT_RETAIN_SELF = YES;
				CLANG_WARN_OBJC_LITERAL_CONVERSION = YES;
				CLANG_WARN_OBJC_ROOT_CLASS = YES_ERROR;
				CLANG_WARN_QUOTED_INCLUDE_IN_FRAMEWORK_HEADER = YES;
				CLANG_WARN_RANGE_LOOP_ANALYSIS = YES;
				CLANG_WARN_STRICT_PROTOTYPES = YES;
				CLANG_WARN_SUSPICIOUS_MOVE = YES;
				CLANG_WARN_UNGUARDED_AVAILABILITY = YES_AGGRESSIVE;
				CLANG_WARN_UNREACHABLE_CODE = YES;
				CLANG_WARN__DUPLICATE_METHOD_MATCH = YES;
				COPY_PHASE_STRIP = NO;
				DEBUG_INFORMATION_FORMAT = "dwarf-with-dsym";
				ENABLE_NS_ASSERTIONS = NO;
				ENABLE_STRICT_OBJC_MSGSEND = YES;
				ENABLE_USER_SCRIPT_SANDBOXING = YES;
				GCC_C_LANGUAGE_STANDARD = gnu17;
				GCC_NO_COMMON_BLOCKS = YES;
				GCC_WARN_64_TO_32_BIT_CONVERSION = YES;
				GCC_WARN_ABOUT_RETURN_TYPE = YES_ERROR;
				GCC_WARN_UNDECLARED_SELECTOR = YES;
				GCC_WARN_UNINITIALIZED_AUTOS = YES_AGGRESSIVE;
				GCC_WARN_UNUSED_FUNCTION = YES;
				GCC_WARN_UNUSED_VARIABLE = YES;
				IPHONEOS_DEPLOYMENT_TARGET = 17.0;
				LOCALIZATION_PREFERS_STRING_CATALOGS = YES;
				MTL_ENABLE_DEBUG_INFO = NO;
				MTL_FAST_MATH = YES;
				SDKROOT = iphoneos;
				SWIFT_COMPILATION_MODE = wholemodule;
				VALIDATE_PRODUCT = YES;
			};
			name = Release;
		};
		702 /* Debug */ = {
			isa = XCBuildConfiguration;
			buildSettings = {
				ASSETCATALOG_COMPILER_APPICON_NAME = AppIcon;
				ASSETCATALOG_COMPILER_GLOBAL_ACCENT_COLOR_NAME = AccentColor;
				CODE_SIGN_STYLE = Automatic;
				CURRENT_PROJECT_VERSION = 1;
				DEVELOPMENT_TEAM = 224MZN53C5;
				ENABLE_PREVIEWS = YES;
				GENERATE_INFOPLIST_FILE = YES;
				INFOPLIST_FILE = DecapPub/Info.plist;
				INFOPLIST_KEY_NSPhotoLibraryUsageDescription = "Access to your photo library is needed to select photos for publishing to your site.";
				INFOPLIST_KEY_UIApplicationSceneManifest_Generation = YES;
				INFOPLIST_KEY_UIApplicationSupportsIndirectInputEvents = YES;
				INFOPLIST_KEY_UILaunchScreen_Generation = YES;
				INFOPLIST_KEY_UISupportedInterfaceOrientations_iPad = "UIInterfaceOrientationPortrait UIInterfaceOrientationPortraitUpsideDown UIInterfaceOrientationLandscapeLeft UIInterfaceOrientationLandscapeRight";
				INFOPLIST_KEY_UISupportedInterfaceOrientations_iPhone = "UIInterfaceOrientationPortrait UIInterfaceOrientationLandscapeLeft UIInterfaceOrientationLandscapeRight";
				LD_RUNPATH_SEARCH_PATHS = (
					"$(inherited)",
					"@executable_path/Frameworks",
				);
				MARKETING_VERSION = 1.0;
				PRODUCT_BUNDLE_IDENTIFIER = com.crawfordlong.DecapPub;
				PRODUCT_NAME = "$(TARGET_NAME)";
				SWIFT_EMIT_LOC_STRINGS = YES;
				SWIFT_VERSION = 5.0;
				TARGETED_DEVICE_FAMILY = "1,2";
			};
			name = Debug;
		};
		703 /* Release */ = {
			isa = XCBuildConfiguration;
			buildSettings = {
				ASSETCATALOG_COMPILER_APPICON_NAME = AppIcon;
				ASSETCATALOG_COMPILER_GLOBAL_ACCENT_COLOR_NAME = AccentColor;
				CODE_SIGN_STYLE = Automatic;
				CURRENT_PROJECT_VERSION = 1;
				DEVELOPMENT_TEAM = 224MZN53C5;
				ENABLE_PREVIEWS = YES;
				GENERATE_INFOPLIST_FILE = YES;
				INFOPLIST_FILE = DecapPub/Info.plist;
				INFOPLIST_KEY_NSPhotoLibraryUsageDescription = "Access to your photo library is needed to select photos for publishing to your site.";
				INFOPLIST_KEY_UIApplicationSceneManifest_Generation = YES;
				INFOPLIST_KEY_UIApplicationSupportsIndirectInputEvents = YES;
				INFOPLIST_KEY_UILaunchScreen_Generation = YES;
				INFOPLIST_KEY_UISupportedInterfaceOrientations_iPad = "UIInterfaceOrientationPortrait UIInterfaceOrientationPortraitUpsideDown UIInterfaceOrientationLandscapeLeft UIInterfaceOrientationLandscapeRight";
				INFOPLIST_KEY_UISupportedInterfaceOrientations_iPhone = "UIInterfaceOrientationPortrait UIInterfaceOrientationLandscapeLeft UIInterfaceOrientationLandscapeRight";
				LD_RUNPATH_SEARCH_PATHS = (
					"$(inherited)",
					"@executable_path/Frameworks",
				);
				MARKETING_VERSION = 1.0;
				PRODUCT_BUNDLE_IDENTIFIER = com.crawfordlong.DecapPub;
				PRODUCT_NAME = "$(TARGET_NAME)";
				SWIFT_EMIT_LOC_STRINGS = YES;
				SWIFT_VERSION = 5.0;
				TARGETED_DEVICE_FAMILY = "1,2";
			};
			name = Release;
		};
/* End XCBuildConfiguration section */

/* Begin XCConfigurationList section */
		500 /* Build configuration list for PBXNativeTarget "DecapPub" */ = {
			isa = XCConfigurationList;
			buildConfigurations = (
				702 /* Debug */,
				703 /* Release */,
			);
			defaultConfigurationIsVisible = 0;
			defaultConfigurationName = Release;
		};
		601 /* Build configuration list for PBXProject "DecapPub" */ = {
			isa = XCConfigurationList;
			buildConfigurations = (
				700 /* Debug */,
				701 /* Release */,
			);
			defaultConfigurationIsVisible = 0;
			defaultConfigurationName = Release;
		};
/* End XCConfigurationList section */
	};
	rootObject = 600 /* Project object */;
}
